
Microsoft Visual Studio Solution File, Format Version 12.00
# Visual Studio Version 17
VisualStudioVersion = 17.13.35931.197 d17.13
MinimumVisualStudioVersion = 10.0.40219.1
Project("{8BC9CEB8-8B4A-11D0-8D11-00A0C91BC942}") = "6502", "6502\6502.vcxproj", "{5203B413-6E47-4278-B2D2-1CF21D61C86D}"
EndProject
Global
	GlobalSection(SolutionConfigurationPlatforms) = preSolution
		Debug|x64 = Debug|x64
		Debug|x86 = Debug|x86
		Release|x64 = Release|x64
		Release|x86 = Release|x86
	EndGlobalSection
	GlobalSection(ProjectConfigurationPlatforms) = postSolution
		{5203B413-6E47-4278-B2D2-1CF21D61C86D}.Debug|x64.ActiveCfg = Debug|x64
		{5203B413-6E47-4278-B2D2-1CF21D61C86D}.Debug|x64.Build.0 = Debug|x64
		{5203B413-6E47-4278-B2D2-1CF21D61C86D}.Debug|x86.ActiveCfg = Debug|Win32
		{5203B413-6E47-4278-B2D2-1CF21D61C86D}.Debug|x86.Build.0 = Debug|Win32
		{5203B413-6E47-4278-B2D2-1CF21D61C86D}.Release|x64.ActiveCfg = Release|x64
		{5203B413-6E47-4278-B2D2-1CF21D61C86D}.Release|x64.Build.0 = Release|x64
		{5203B413-6E47-4278-B2D2-1CF21D61C86D}.Release|x86.ActiveCfg = Release|Win32
		{5203B413-6E47-4278-B2D2-1CF21D61C86D}.Release|x86.Build.0 = Release|Win32
	EndGlobalSection
	GlobalSection(SolutionProperties) = preSolution
		HideSolutionNode = FALSE
	EndGlobalSection
	GlobalSection(ExtensibilityGlobals) = postSolution
		SolutionGuid = {E650741C-06AD-4BE1-B466-E720411B55B9}
	EndGlobalSection
EndGlobal
